
Microsoft Visual Studio Solution File, Format Version 12.00
# Visual Studio 15
VisualStudioVersion = 15.0.28307.645
MinimumVisualStudioVersion = 10.0.40219.1
Project("{9A19103F-16F7-4668-BE54-9A1E7A4F7556}") = "GenericHost.Extensions.Quartz", "GenericHost.Extensions.Quartz\GenericHost.Extensions.Quartz.csproj", "{2D46E083-2DAF-4BE2-96B0-0E0BAEF3BAD6}"
EndProject
Project("{9A19103F-16F7-4668-BE54-9A1E7A4F7556}") = "GenericHost.Extensions.Quartz.Example", "examples\GenericHost.Extensions.Quartz.Example\GenericHost.Extensions.Quartz.Example.csproj", "{91E82095-7A65-41D5-89CB-BEC60CFE59DD}"
EndProject
Global
	GlobalSection(SolutionConfigurationPlatforms) = preSolution
		Debug|Any CPU = Debug|Any CPU
		Release|Any CPU = Release|Any CPU
	EndGlobalSection
	GlobalSection(ProjectConfigurationPlatforms) = postSolution
		{2D46E083-2DAF-4BE2-96B0-0E0BAEF3BAD6}.Debug|Any CPU.ActiveCfg = Debug|Any CPU
		{2D46E083-2DAF-4BE2-96B0-0E0BAEF3BAD6}.Debug|Any CPU.Build.0 = Debug|Any CPU
		{2D46E083-2DAF-4BE2-96B0-0E0BAEF3BAD6}.Release|Any CPU.ActiveCfg = Release|Any CPU
		{2D46E083-2DAF-4BE2-96B0-0E0BAEF3BAD6}.Release|Any CPU.Build.0 = Release|Any CPU
		{91E82095-7A65-41D5-89CB-BEC60CFE59DD}.Debug|Any CPU.ActiveCfg = Debug|Any CPU
		{91E82095-7A65-41D5-89CB-BEC60CFE59DD}.Debug|Any CPU.Build.0 = Debug|Any CPU
		{91E82095-7A65-41D5-89CB-BEC60CFE59DD}.Release|Any CPU.ActiveCfg = Release|Any CPU
		{91E82095-7A65-41D5-89CB-BEC60CFE59DD}.Release|Any CPU.Build.0 = Release|Any CPU
	EndGlobalSection
	GlobalSection(SolutionProperties) = preSolution
		HideSolutionNode = FALSE
	EndGlobalSection
	GlobalSection(ExtensibilityGlobals) = postSolution
		SolutionGuid = {A96DA3AF-B7C2-4CCE-96B7-9067B3BA33BA}
	EndGlobalSection
EndGlobal
